
Microsoft Visual Studio Solution File, Format Version 12.00
# Visual Studio Version 16
VisualStudioVersion = 16.0.31005.135
MinimumVisualStudioVersion = 10.0.40219.1
Project("{FAE04EC0-301F-11D3-BF4B-00C04F79EFBC}") = "QingQing", "QingQing\QingQing.csproj", "{0A669920-6D0E-4AFC-B891-620B2EFA010B}"
EndProject
Project("{FAE04EC0-301F-11D3-BF4B-00C04F79EFBC}") = "QingServer", "QingServer\QingServer.csproj", "{CE1E0879-DA09-4617-AE52-90E2BCECA818}"
EndProject
Global
	GlobalSection(SolutionConfigurationPlatforms) = preSolution
		Debug|Any CPU = Debug|Any CPU
		Release|Any CPU = Release|Any CPU
	EndGlobalSection
	GlobalSection(ProjectConfigurationPlatforms) = postSolution
		{0A669920-6D0E-4AFC-B891-620B2EFA010B}.Debug|Any CPU.ActiveCfg = Debug|Any CPU
		{0A669920-6D0E-4AFC-B891-620B2EFA010B}.Debug|Any CPU.Build.0 = Debug|Any CPU
		{0A669920-6D0E-4AFC-B891-620B2EFA010B}.Debug|Any CPU.Deploy.0 = Debug|Any CPU
		{0A669920-6D0E-4AFC-B891-620B2EFA010B}.Release|Any CPU.ActiveCfg = Release|Any CPU
		{0A669920-6D0E-4AFC-B891-620B2EFA010B}.Release|Any CPU.Build.0 = Release|Any CPU
		{0A669920-6D0E-4AFC-B891-620B2EFA010B}.Release|Any CPU.Deploy.0 = Release|Any CPU
		{CE1E0879-DA09-4617-AE52-90E2BCECA818}.Debug|Any CPU.ActiveCfg = Debug|Any CPU
		{CE1E0879-DA09-4617-AE52-90E2BCECA818}.Debug|Any CPU.Build.0 = Debug|Any CPU
		{CE1E0879-DA09-4617-AE52-90E2BCECA818}.Release|Any CPU.ActiveCfg = Release|Any CPU
		{CE1E0879-DA09-4617-AE52-90E2BCECA818}.Release|Any CPU.Build.0 = Release|Any CPU
	EndGlobalSection
	GlobalSection(SolutionProperties) = preSolution
		HideSolutionNode = FALSE
	EndGlobalSection
	GlobalSection(ExtensibilityGlobals) = postSolution
		SolutionGuid = {6E04A190-ED27-4394-9F9F-C8212D8EF92D}
	EndGlobalSection
EndGlobal
